langcode: en
status: true
dependencies: {  }
id: user_authentication_block
label: 'User authentication block'
icon_uuid: 0db45f7d-9118-456e-a102-7ae580b1d381
icon_default: 'data:image/svg+xml;base64,PHN2ZyB3aWR0aD0iNjgiIGhlaWdodD0iNzciIHZpZXdCb3g9IjAgMCA2OCA3NyIgZmlsbD0ibm9uZSIgeG1sbnM9Imh0dHA6Ly93d3cudzMub3JnLzIwMDAvc3ZnIj4KPHJlY3Qgd2lkdGg9IjY4IiBoZWlnaHQ9Ijc3IiBmaWxsPSJ3aGl0ZSIvPgo8cmVjdCB4PSI4IiB5PSIxOSIgd2lkdGg9IjUyIiBoZWlnaHQ9IjIyIiByeD0iMyIgZmlsbD0id2hpdGUiIHN0cm9rZT0iI0M0QzRDNCIgc3Ryb2tlLXdpZHRoPSIyIi8+CjxyZWN0IHg9IjciIHk9IjQ2IiB3aWR0aD0iMzAiIGhlaWdodD0iMTIiIHJ4PSI0IiBmaWxsPSIjQzRDNEM0Ii8+CjxwYXRoIGQ9Ik0xNy4wNTczIDIyQzE1LjEyMyAyMiAxMy41NDkzIDIzLjU3MzcgMTMuNTQ5MyAyNS41MDhWMjYuNjk2OUgxNS4zMzA4VjI1LjUwOEMxNS4zMzA4IDI0LjU1NTkgMTYuMTA1MyAyMy43ODEzIDE3LjA1NzMgMjMuNzgxM0MxOC4wMDk2IDIzLjc4MTMgMTguNzg0NCAyNC41NTU5IDE4Ljc4NDQgMjUuNTA4VjI2LjY5NjlIMjAuNTY1N1YyNS41MDhDMjAuNTY1NyAyMy41NzQxIDE4Ljk5MiAyMiAxNy4wNTczIDIyWiIgZmlsbD0iI0ExQTFBMSIvPgo8cGF0aCBkPSJNMjAuNzQ2MyAyNy4yMjY5SDEzLjM2NzlDMTIuNjEyMyAyNy4yMjY5IDEyIDI3LjgzOTQgMTIgMjguNTk0OVYzMy41ODk2QzEyIDM1LjEwMDYgMTMuMjI0OSAzNi4zMjYgMTQuNzM2MSAzNi4zMjZIMTkuMzc4NkMyMC44ODk1IDM2LjMyNiAyMi4xMTQ3IDM1LjEwMTEgMjIuMTE0NyAzMy41ODk2VjI4LjU5NDlDMjIuMTE0NyAyNy44Mzk0IDIxLjUwMjEgMjcuMjI2OSAyMC43NDYzIDI3LjIyNjlaTTE4LjA3MzUgMzMuNDc2MUMxOC4xMDk4IDMzLjY0MDkgMTguMDAyNCAzMy43NzQzIDE3LjgzNDIgMzMuNzc0M0gxNi4yODFDMTYuMTEyNCAzMy43NzQzIDE2LjAwNTEgMzMuNjQwOSAxNi4wNDE0IDMzLjQ3NjFMMTYuNDgwNSAzMS40ODExQzE2LjE0MTYgMzEuMjgyMSAxNS45MTMxIDMwLjkxNSAxNS45MTMxIDMwLjQ5MzZDMTUuOTEzMSAyOS44NjE2IDE2LjQyNTUgMjkuMzQ5MiAxNy4wNTc1IDI5LjM0OTJDMTcuNjg5NiAyOS4zNDkyIDE4LjIwMiAyOS44NjE2IDE4LjIwMiAzMC40OTM2QzE4LjIwMiAzMC45MTUgMTcuOTczNiAzMS4yODIxIDE3LjYzNDUgMzEuNDgxMUwxOC4wNzM1IDMzLjQ3NjFaIiBmaWxsPSIjQTFBMUExIi8+CjxjaXJjbGUgY3g9IjI4IiBjeT0iMzEiIHI9IjMiIGZpbGw9IiNBMUExQTEiLz4KPGNpcmNsZSBjeD0iMzYiIGN5PSIzMSIgcj0iMyIgZmlsbD0iI0ExQTFBMSIvPgo8Y2lyY2xlIGN4PSI0NCIgY3k9IjMxIiByPSIzIiBmaWxsPSIjQTFBMUExIi8+CjxjaXJjbGUgY3g9IjUyIiBjeT0iMzEiIHI9IjMiIGZpbGw9IiNBMUExQTEiLz4KPC9zdmc+Cg=='
description: 'Add a username and password login to protected content.'
behavior_plugins: {  }
